<?xml version="1.0" encoding="utf-8"?>
<Project ToolsVersion="4.0" xmlns="http://schemas.microsoft.com/developer/msbuild/2003">
  <ItemGroup>
    <Filter Include="Source Files">
      <UniqueIdentifier>{4FC737F1-C7A5-4376-A066-2A32D752A2FF}</UniqueIdentifier>
      <Extensions>cpp;c;cc;cxx;c++;def;odl;idl;hpj;bat;asm;asmx</Extensions>
    </Filter>
    <Filter Include="Header Files">
      <UniqueIdentifier>{93995380-89BD-4b04-88EB-625FBE52EBFB}</UniqueIdentifier>
      <Extensions>h;hh;hpp;hxx;h++;hm;inl;inc;ipp;xsd</Extensions>
    </Filter>
    <Filter Include="Resource Files">
      <UniqueIdentifier>{67DA6AB6-F800-4c08-8B7A-83BB121AAD01}</UniqueIdentifier>
      <Extensions>rc;ico;cur;bmp;dlg;rc2;rct;bin;rgs;gif;jpg;jpeg;jpe;resx;tiff;tif;png;wav;mfcribbon-ms</Extensions>
    </Filter>
    <Filter Include="Header Files\Json">
      <UniqueIdentifier>{14fd772c-1ba8-4966-afd7-00453823ecde}</UniqueIdentifier>
    </Filter>
    <Filter Include="Header Files\DB">
      <UniqueIdentifier>{0e968187-2a5b-478b-a33b-68e2524a974b}</UniqueIdentifier>
    </Filter>
    <Filter Include="Header Files\Manager">
      <UniqueIdentifier>{9459a0b6-db1c-4339-9630-a62b4c8a2ef0}</UniqueIdentifier>
    </Filter>
    <Filter Include="Header Files\Server">
      <UniqueIdentifier>{cdf9359a-c807-4b45-8f7a-02359b956b6f}</UniqueIdentifier>
    </Filter>
    <Filter Include="Header Files\Requests and Responses">
      <UniqueIdentifier>{6c871b20-4282-4d8c-93c5-c6ee4b34c241}</UniqueIdentifier>
    </Filter>
    <Filter Include="Source Files\Json">
      <UniqueIdentifier>{d1e26b4d-f6d3-43f7-b23b-3b52b74a610b}</UniqueIdentifier>
    </Filter>
    <Filter Include="Source Files\Server">
      <UniqueIdentifier>{6cda6157-cd18-4153-aeb2-b0da691107e7}</UniqueIdentifier>
    </Filter>
    <Filter Include="Source Files\Requests and Responses">
      <UniqueIdentifier>{8e8a7341-58ad-497e-8896-a97cfcbec228}</UniqueIdentifier>
    </Filter>
    <Filter Include="Source Files\Managers">
      <UniqueIdentifier>{ae9c9c14-af43-43d4-8b32-e1856b7399b5}</UniqueIdentifier>
    </Filter>
    <Filter Include="Source Files\DB">
      <UniqueIdentifier>{eb3fca82-8d35-444e-a30f-18c603dd0db3}</UniqueIdentifier>
    </Filter>
    <Filter Include="Header Files\Cryptography">
      <UniqueIdentifier>{76662844-1f49-4fa9-88d2-f4ee9892f76f}</UniqueIdentifier>
    </Filter>
    <Filter Include="Source Files\Cryptography">
      <UniqueIdentifier>{49d41305-e324-4a8c-8031-5d9508adefa6}</UniqueIdentifier>
    </Filter>
  </ItemGroup>
  <ItemGroup>
    <ClCompile Include="Main.cpp">
      <Filter>Source Files</Filter>
    </ClCompile>
    <ClCompile Include="HelperFunctions.cpp">
      <Filter>Source Files</Filter>
    </ClCompile>
    <ClCompile Include="Communicator.cpp">
      <Filter>Source Files\Server</Filter>
    </ClCompile>
    <ClCompile Include="JsonRequestPacketDeserializer.cpp">
      <Filter>Source Files\Json</Filter>
    </ClCompile>
    <ClCompile Include="JsonResponsePacketSerializer.cpp">
      <Filter>Source Files\Json</Filter>
    </ClCompile>
    <ClCompile Include="Users.cpp">
      <Filter>Source Files\Managers</Filter>
    </ClCompile>
    <ClCompile Include="LoginManager.cpp">
      <Filter>Source Files\Managers</Filter>
    </ClCompile>
    <ClCompile Include="LoginRequestHandler.cpp">
      <Filter>Source Files\Requests and Responses</Filter>
    </ClCompile>
    <ClCompile Include="MenuRequestHandler.cpp">
      <Filter>Source Files\Requests and Responses</Filter>
    </ClCompile>
    <ClCompile Include="RequestHandlerFactory.cpp">
      <Filter>Source Files\Requests and Responses</Filter>
    </ClCompile>
    <ClCompile Include="Room.cpp">
      <Filter>Source Files\Managers</Filter>
    </ClCompile>
    <ClCompile Include="RoomManager.cpp">
      <Filter>Source Files\Managers</Filter>
    </ClCompile>
    <ClCompile Include="Server.cpp">
      <Filter>Source Files\Server</Filter>
    </ClCompile>
    <ClCompile Include="sqlite3.c">
      <Filter>Source Files\DB</Filter>
    </ClCompile>
    <ClCompile Include="SqliteDataBase.cpp">
      <Filter>Source Files\DB</Filter>
    </ClCompile>
    <ClCompile Include="StatisticsManager.cpp">
      <Filter>Source Files\Managers</Filter>
    </ClCompile>
    <ClCompile Include="WSAInitializer.cpp">
      <Filter>Source Files\Server</Filter>
    </ClCompile>
    <ClCompile Include="RoomAdminRequestHandler.cpp">
      <Filter>Source Files\Requests and Responses</Filter>
    </ClCompile>
    <ClCompile Include="RoomMemberRequestHandler.cpp">
      <Filter>Source Files\Requests and Responses</Filter>
    </ClCompile>
    <ClCompile Include="Game.cpp">
      <Filter>Source Files\Managers</Filter>
    </ClCompile>
    <ClCompile Include="GameManager.cpp">
      <Filter>Source Files\Managers</Filter>
    </ClCompile>
    <ClCompile Include="Question.cpp">
      <Filter>Source Files\Managers</Filter>
    </ClCompile>
    <ClCompile Include="GameRequestHandler.cpp">
      <Filter>Source Files\Requests and Responses</Filter>
    </ClCompile>
    <ClCompile Include="KeyExchangeManager.cpp">
      <Filter>Source Files\Cryptography</Filter>
    </ClCompile>
    <ClCompile Include="AesEncryptor.cpp">
      <Filter>Source Files\Cryptography</Filter>
    </ClCompile>
    
  </ItemGroup>
  <ItemGroup>
    <ClInclude Include="HelperFunctions.h">
      <Filter>Header Files</Filter>
    </ClInclude>
    <ClInclude Include="ServerException.h">
      <Filter>Header Files</Filter>
    </ClInclude>
    <ClInclude Include="json.hpp">
      <Filter>Header Files\Json</Filter>
    </ClInclude>
    <ClInclude Include="JsonRequestPacketDeserializer.h">
      <Filter>Header Files\Json</Filter>
    </ClInclude>
    <ClInclude Include="JsonResponsePacketSerializer.h">
      <Filter>Header Files\Json</Filter>
    </ClInclude>
    <ClInclude Include="IDatabase.h">
      <Filter>Header Files\DB</Filter>
    </ClInclude>
    <ClInclude Include="SqliteDataBase.h">
      <Filter>Header Files\DB</Filter>
    </ClInclude>
    <ClInclude Include="LoginManager.h">
      <Filter>Header Files\Manager</Filter>
    </ClInclude>
    <ClInclude Include="RoomManager.h">
      <Filter>Header Files\Manager</Filter>
    </ClInclude>
    <ClInclude Include="StatisticsManager.h">
      <Filter>Header Files\Manager</Filter>
    </ClInclude>
    <ClInclude Include="Server.h">
      <Filter>Header Files\Server</Filter>
    </ClInclude>
    <ClInclude Include="Communicator.h">
      <Filter>Header Files\Server</Filter>
    </ClInclude>
    <ClInclude Include="sqlite3.h">
      <Filter>Header Files\DB</Filter>
    </ClInclude>
    <ClInclude Include="WSAInitializer.h">
      <Filter>Header Files\Server</Filter>
    </ClInclude>
    <ClInclude Include="Responses.h">
      <Filter>Header Files\Requests and Responses</Filter>
    </ClInclude>
    <ClInclude Include="Requests.h">
      <Filter>Header Files\Requests and Responses</Filter>
    </ClInclude>
    <ClInclude Include="MenuRequestHandler.h">
      <Filter>Header Files\Requests and Responses</Filter>
    </ClInclude>
    <ClInclude Include="RequestInfo.h">
      <Filter>Header Files\Requests and Responses</Filter>
    </ClInclude>
    <ClInclude Include="RequestResult.h">
      <Filter>Header Files\Requests and Responses</Filter>
    </ClInclude>
    <ClInclude Include="IRequestHandler.h">
      <Filter>Header Files\Requests and Responses</Filter>
    </ClInclude>
    <ClInclude Include="RequestHandlerFactory.h">
      <Filter>Header Files\Requests and Responses</Filter>
    </ClInclude>
    <ClInclude Include="Room.h">
      <Filter>Header Files\Manager</Filter>
    </ClInclude>
    <ClInclude Include="Users.h">
      <Filter>Header Files\Manager</Filter>
    </ClInclude>
    <ClInclude Include="LoginRequestHandler.h">
      <Filter>Header Files\Requests and Responses</Filter>
    </ClInclude>
    <ClInclude Include="RoomRequestHandlers.h">
      <Filter>Header Files\Requests and Responses</Filter>
    </ClInclude>
    <ClInclude Include="GameManager.h">
      <Filter>Header Files\Manager</Filter>
    </ClInclude>
    <ClInclude Include="Game.h">
      <Filter>Header Files\Manager</Filter>
    </ClInclude>
    <ClInclude Include="Question.h">
      <Filter>Header Files\Manager</Filter>
    </ClInclude>
    <ClInclude Include="GameRequestHandler.h">
      <Filter>Header Files\Requests and Responses</Filter>
    </ClInclude>
    <ClInclude Include="ICryptoAlgorithm.h">
      <Filter>Header Files\Cryptography</Filter>
    </ClInclude>
    <ClInclude Include="KeyExchangeManager.h">
      <Filter>Header Files\Cryptography</Filter>
    </ClInclude>
    <ClInclude Include="AesEncryptor.h">
      <Filter>Header Files\Cryptography</Filter>
    </ClInclude>
  </ItemGroup>
</Project>